
Microsoft Visual Studio Solution File, Format Version 12.00
Project("{FAE04EC0-301F-11D3-BF4B-00C04F79EFBC}") = "abd41-11", "abd41-11\abd41-11.csproj", "{ABECC5A4-BDA2-4F43-87FD-2A8932C82133}"
EndProject
Global
	GlobalSection(SolutionConfigurationPlatforms) = preSolution
		Debug|Any CPU = Debug|Any CPU
		Release|Any CPU = Release|Any CPU
	EndGlobalSection
	GlobalSection(ProjectConfigurationPlatforms) = postSolution
		{ABECC5A4-BDA2-4F43-87FD-2A8932C82133}.Debug|Any CPU.ActiveCfg = Debug|Any CPU
		{ABECC5A4-BDA2-4F43-87FD-2A8932C82133}.Debug|Any CPU.Build.0 = Debug|Any CPU
		{ABECC5A4-BDA2-4F43-87FD-2A8932C82133}.Release|Any CPU.ActiveCfg = Release|Any CPU
		{ABECC5A4-BDA2-4F43-87FD-2A8932C82133}.Release|Any CPU.Build.0 = Release|Any CPU
	EndGlobalSection
EndGlobal
